{
    "_readme": [
        "This file locks the dependencies of your project to a known state",
        "Read more about it at https://getcomposer.org/doc/01-basic-usage.md#composer-lock-the-lock-file",
        "This file is @generated automatically"
    ],
    "hash": "db272b201961e18114812a3bcec79449",
    "content-hash": "2344f369e4a174c483cb6d8c56026448",
    "packages": [
        {
            "name": "andres-montanez/magallanes",
            "version": "1.0.6",
            "source": {
                "type": "git",
                "url": "https://github.com/andres-montanez/Magallanes.git",
                "reference": "781213dd732be8c2e0f6c430629c0c5ea520405e"
            },
            "dist": {
                "type": "zip",
                "url": "https://api.github.com/repos/andres-montanez/Magallanes/zipball/781213dd732be8c2e0f6c430629c0c5ea520405e",
                "reference": "781213dd732be8c2e0f6c430629c0c5ea520405e",
                "shasum": ""
            },
            "require": {
                "php": ">=5.3"
            },
            "require-dev": {
                "malkusch/php-mock": "dev-php-5.3",
                "phpunit/phpunit": "4.3.5",
                "satooshi/php-coveralls": ">=0.6.1"
            },
            "bin": [
                "bin/mage"
            ],
            "type": "library",
            "autoload": {
                "psr-4": {
                    "Mage\\": "./Mage",
                    "Task\\": [
                        ".mage/tasks",
                        "../../../.mage/tasks"
                    ],
                    "Command\\": [
                        ".mage/tasks",
                        "../../../.mage/commands"
                    ]
                }
            },
            "notification-url": "https://packagist.org/downloads/",
            "license": [
                "MIT"
            ],
            "description": "A Deployment Tool for PHP Applications",
            "homepage": "http://magephp.com",
            "keywords": [
                "deployment"
            ],
            "time": "2015-04-12 19:45:32"
        },
        {
            "name": "apimatic/unirest-php",
            "version": "dev-master",
            "source": {
                "type": "git",
                "url": "https://github.com/apimatic/unirest-php.git",
                "reference": "ab48fe3322b275a27de3ff8d786be19d16fe01d7"
            },
            "dist": {
                "type": "zip",
                "url": "https://api.github.com/repos/apimatic/unirest-php/zipball/ab48fe3322b275a27de3ff8d786be19d16fe01d7",
                "reference": "ab48fe3322b275a27de3ff8d786be19d16fe01d7",
                "shasum": ""
            },
            "require": {
                "ext-curl": "*",
                "ext-json": "*",
                "php": ">=5.4.0"
            },
            "require-dev": {
                "codeclimate/php-test-reporter": "0.1.*",
                "phpunit/phpunit": "~4.4"
            },
            "type": "library",
            "autoload": {
                "psr-0": {
                    "Unirest": "src"
                }
            },
            "notification-url": "https://packagist.org/downloads/",
            "license": [
                "MIT"
            ],
            "authors": [
                {
                    "name": "Mashape",
                    "email": "opensource@mashape.com",
                    "homepage": "https://www.mashape.com",
                    "role": "Developer"
                },
                {
                    "name": "APIMATIC",
                    "email": "opensource@apimatic.io",
                    "homepage": "https://apimatic.io",
                    "role": "Developer"
                }
            ],
            "description": "Unirest PHP",
            "homepage": "https://github.com/apimatic/unirest-php",
            "keywords": [
                "client",
                "curl",
                "http",
                "https",
                "rest"
            ],
            "time": "2016-09-01 05:59:13"
        },
        {
            "name": "magictelecom/magictelecomapi",
            "version": "dev-master",
            "source": {
                "type": "git",
                "url": "https://github.com/MagicTelecom/mt_php_sdk.git",
                "reference": "2838f2d84cd7be4a1f8242e47b980a6e3db56171"
            },
            "dist": {
                "type": "zip",
                "url": "https://api.github.com/repos/MagicTelecom/mt_php_sdk/zipball/2838f2d84cd7be4a1f8242e47b980a6e3db56171",
                "reference": "2838f2d84cd7be4a1f8242e47b980a6e3db56171",
                "shasum": ""
            },
            "require": {
                "apimatic/unirest-php": "dev-master",
                "ext-curl": "*",
                "ext-json": "*",
                "ext-mbstring": "*",
                "php": ">=5.4.0"
            },
            "type": "library",
            "extra": {
                "branch-alias": {
                    "dev-master": "1.0.x-dev"
                }
            },
            "autoload": {
                "psr-4": {
                    "MagicTelecomAPILib\\": "src/"
                }
            },
            "notification-url": "https://packagist.org/downloads/",
            "license": [
                "MIT"
            ],
            "authors": [
                {
                    "name": "Alain Hernandez Lopez",
                    "email": "alain@voxbeam.com",
                    "homepage": "https://www.magictelecom.com/",
                    "role": "Software Architect"
                }
            ],
            "description": "Magic Telecom API",
            "homepage": "https://www.magictelecom.com/",
            "keywords": [
                "Magic Telecom API",
                "api",
                "sdk"
            ],
            "time": "2016-06-28 15:19:31"
        }
    ],
    "packages-dev": [],
    "aliases": [],
    "minimum-stability": "stable",
    "stability-flags": {
        "apimatic/unirest-php": 20,
        "magictelecom/magictelecomapi": 20
    },
    "prefer-stable": false,
    "prefer-lowest": false,
    "platform": {
        "php": ">=5.3.9"
    },
    "platform-dev": []
}
